// !$*UTF8*$!
{
	archiveVersion = 1;
	classes = {
	};
	objectVersion = 56;
	objects = {

/* Begin PBXBuildFile section */
		DDBA412729DB3111008E0431 /* AppDelegate.swift in Sources */ = {isa = PBXBuildFile; fileRef = DDBA412629DB3111008E0431 /* AppDelegate.swift */; };
		DDBA412929DB3111008E0431 /* SceneDelegate.swift in Sources */ = {isa = PBXBuildFile; fileRef = DDBA412829DB3111008E0431 /* SceneDelegate.swift */; };
		DDBA412B29DB3111008E0431 /* ContactsController.swift in Sources */ = {isa = PBXBuildFile; fileRef = DDBA412A29DB3111008E0431 /* ContactsController.swift */; };
		DDBA413029DB3113008E0431 /* Assets.xcassets in Resources */ = {isa = PBXBuildFile; fileRef = DDBA412F29DB3113008E0431 /* Assets.xcassets */; };
		DDBA413329DB3113008E0431 /* LaunchScreen.storyboard in Resources */ = {isa = PBXBuildFile; fileRef = DDBA413129DB3113008E0431 /* LaunchScreen.storyboard */; };
		DDBA413B29DB3169008E0431 /* ContacsView.swift in Sources */ = {isa = PBXBuildFile; fileRef = DDBA413A29DB3169008E0431 /* ContacsView.swift */; };
		DDBA414429DCC78D008E0431 /* Contact.swift in Sources */ = {isa = PBXBuildFile; fileRef = DDBA414329DCC78D008E0431 /* Contact.swift */; };
		DDBA414629DCC7BA008E0431 /* ContactCategory.swift in Sources */ = {isa = PBXBuildFile; fileRef = DDBA414529DCC7BA008E0431 /* ContactCategory.swift */; };
		DDBA414929DCC919008E0431 /* DataService.swift in Sources */ = {isa = PBXBuildFile; fileRef = DDBA414829DCC919008E0431 /* DataService.swift */; };
		DDBA414B29DCCD17008E0431 /* ContactCell.swift in Sources */ = {isa = PBXBuildFile; fileRef = DDBA414A29DCCD17008E0431 /* ContactCell.swift */; };
		DDBA414D29DD31CF008E0431 /* EditContactsController.swift in Sources */ = {isa = PBXBuildFile; fileRef = DDBA414C29DD31CF008E0431 /* EditContactsController.swift */; };
		DDBA414F29DD69DA008E0431 /* EditContactsView.swift in Sources */ = {isa = PBXBuildFile; fileRef = DDBA414E29DD69DA008E0431 /* EditContactsView.swift */; };
/* End PBXBuildFile section */

/* Begin PBXFileReference section */
		DDBA412329DB3111008E0431 /* ContacsBook.app */ = {isa = PBXFileReference; explicitFileType = wrapper.application; includeInIndex = 0; path = ContacsBook.app; sourceTree = BUILT_PRODUCTS_DIR; };
		DDBA412629DB3111008E0431 /* AppDelegate.swift */ = {isa = PBXFileReference; lastKnownFileType = sourcecode.swift; path = AppDelegate.swift; sourceTree = "<group>"; };
		DDBA412829DB3111008E0431 /* SceneDelegate.swift */ = {isa = PBXFileReference; lastKnownFileType = sourcecode.swift; path = SceneDelegate.swift; sourceTree = "<group>"; };
		DDBA412A29DB3111008E0431 /* ContactsController.swift */ = {isa = PBXFileReference; lastKnownFileType = sourcecode.swift; path = ContactsController.swift; sourceTree = "<group>"; };
		DDBA412F29DB3113008E0431 /* Assets.xcassets */ = {isa = PBXFileReference; lastKnownFileType = folder.assetcatalog; path = Assets.xcassets; sourceTree = "<group>"; };
		DDBA413229DB3113008E0431 /* Base */ = {isa = PBXFileReference; lastKnownFileType = file.storyboard; name = Base; path = Base.lproj/LaunchScreen.storyboard; sourceTree = "<group>"; };
		DDBA413429DB3113008E0431 /* Info.plist */ = {isa = PBXFileReference; lastKnownFileType = text.plist.xml; path = Info.plist; sourceTree = "<group>"; };
		DDBA413A29DB3169008E0431 /* ContacsView.swift */ = {isa = PBXFileReference; lastKnownFileType = sourcecode.swift; path = ContacsView.swift; sourceTree = "<group>"; };
		DDBA414329DCC78D008E0431 /* Contact.swift */ = {isa = PBXFileReference; lastKnownFileType = sourcecode.swift; path = Contact.swift; sourceTree = "<group>"; };
		DDBA414529DCC7BA008E0431 /* ContactCategory.swift */ = {isa = PBXFileReference; lastKnownFileType = sourcecode.swift; path = ContactCategory.swift; sourceTree = "<group>"; };
		DDBA414829DCC919008E0431 /* DataService.swift */ = {isa = PBXFileReference; lastKnownFileType = sourcecode.swift; path = DataService.swift; sourceTree = "<group>"; };
		DDBA414A29DCCD17008E0431 /* ContactCell.swift */ = {isa = PBXFileReference; lastKnownFileType = sourcecode.swift; path = ContactCell.swift; sourceTree = "<group>"; };
		DDBA414C29DD31CF008E0431 /* EditContactsController.swift */ = {isa = PBXFileReference; lastKnownFileType = sourcecode.swift; path = EditContactsController.swift; sourceTree = "<group>"; };
		DDBA414E29DD69DA008E0431 /* EditContactsView.swift */ = {isa = PBXFileReference; lastKnownFileType = sourcecode.swift; path = EditContactsView.swift; sourceTree = "<group>"; };
/* End PBXFileReference section */

/* Begin PBXFrameworksBuildPhase section */
		DDBA412029DB3111008E0431 /* Frameworks */ = {
			isa = PBXFrameworksBuildPhase;
			buildActionMask = 2147483647;
			files = (
			);
			runOnlyForDeploymentPostprocessing = 0;
		};
/* End PBXFrameworksBuildPhase section */

/* Begin PBXGroup section */
		DDBA411A29DB3111008E0431 = {
			isa = PBXGroup;
			children = (
				DDBA412529DB3111008E0431 /* ContacsBook */,
				DDBA412429DB3111008E0431 /* Products */,
			);
			sourceTree = "<group>";
		};
		DDBA412429DB3111008E0431 /* Products */ = {
			isa = PBXGroup;
			children = (
				DDBA412329DB3111008E0431 /* ContacsBook.app */,
			);
			name = Products;
			sourceTree = "<group>";
		};
		DDBA412529DB3111008E0431 /* ContacsBook */ = {
			isa = PBXGroup;
			children = (
				DDBA413C29DCC23D008E0431 /* Application */,
				DDBA414229DCC767008E0431 /* Model */,
				DDBA414129DCC51A008E0431 /* View */,
				DDBA414029DCC510008E0431 /* Controller */,
				DDBA414729DCC8F8008E0431 /* Services */,
				DDBA413F29DCC4AF008E0431 /* Supporting files */,
			);
			path = ContacsBook;
			sourceTree = "<group>";
		};
		DDBA413C29DCC23D008E0431 /* Application */ = {
			isa = PBXGroup;
			children = (
				DDBA413E29DCC26D008E0431 /* View */,
				DDBA413D29DCC261008E0431 /* Controller */,
			);
			path = Application;
			sourceTree = "<group>";
		};
		DDBA413D29DCC261008E0431 /* Controller */ = {
			isa = PBXGroup;
			children = (
				DDBA412629DB3111008E0431 /* AppDelegate.swift */,
				DDBA412829DB3111008E0431 /* SceneDelegate.swift */,
			);
			path = Controller;
			sourceTree = "<group>";
		};
		DDBA413E29DCC26D008E0431 /* View */ = {
			isa = PBXGroup;
			children = (
				DDBA413129DB3113008E0431 /* LaunchScreen.storyboard */,
			);
			path = View;
			sourceTree = "<group>";
		};
		DDBA413F29DCC4AF008E0431 /* Supporting files */ = {
			isa = PBXGroup;
			children = (
				DDBA412F29DB3113008E0431 /* Assets.xcassets */,
				DDBA413429DB3113008E0431 /* Info.plist */,
			);
			path = "Supporting files";
			sourceTree = "<group>";
		};
		DDBA414029DCC510008E0431 /* Controller */ = {
			isa = PBXGroup;
			children = (
				DDBA412A29DB3111008E0431 /* ContactsController.swift */,
				DDBA414C29DD31CF008E0431 /* EditContactsController.swift */,
			);
			path = Controller;
			sourceTree = "<group>";
		};
		DDBA414129DCC51A008E0431 /* View */ = {
			isa = PBXGroup;
			children = (
				DDBA413A29DB3169008E0431 /* ContacsView.swift */,
				DDBA414A29DCCD17008E0431 /* ContactCell.swift */,
				DDBA414E29DD69DA008E0431 /* EditContactsView.swift */,
			);
			path = View;
			sourceTree = "<group>";
		};
		DDBA414229DCC767008E0431 /* Model */ = {
			isa = PBXGroup;
			children = (
				DDBA414329DCC78D008E0431 /* Contact.swift */,
				DDBA414529DCC7BA008E0431 /* ContactCategory.swift */,
			);
			path = Model;
			sourceTree = "<group>";
		};
		DDBA414729DCC8F8008E0431 /* Services */ = {
			isa = PBXGroup;
			children = (
				DDBA414829DCC919008E0431 /* DataService.swift */,
			);
			path = Services;
			sourceTree = "<group>";
		};
/* End PBXGroup section */

/* Begin PBXNativeTarget section */
		DDBA412229DB3111008E0431 /* ContacsBook */ = {
			isa = PBXNativeTarget;
			buildConfigurationList = DDBA413729DB3113008E0431 /* Build configuration list for PBXNativeTarget "ContacsBook" */;
			buildPhases = (
				DDBA411F29DB3111008E0431 /* Sources */,
				DDBA412029DB3111008E0431 /* Frameworks */,
				DDBA412129DB3111008E0431 /* Resources */,
			);
			buildRules = (
			);
			dependencies = (
			);
			name = ContacsBook;
			productName = ContacsBook;
			productReference = DDBA412329DB3111008E0431 /* ContacsBook.app */;
			productType = "com.apple.product-type.application";
		};
/* End PBXNativeTarget section */

/* Begin PBXProject section */
		DDBA411B29DB3111008E0431 /* Project object */ = {
			isa = PBXProject;
			attributes = {
				BuildIndependentTargetsInParallel = 1;
				LastSwiftUpdateCheck = 1420;
				LastUpgradeCheck = 1420;
				TargetAttributes = {
					DDBA412229DB3111008E0431 = {
						CreatedOnToolsVersion = 14.2;
					};
				};
			};
			buildConfigurationList = DDBA411E29DB3111008E0431 /* Build configuration list for PBXProject "ContacsBook" */;
			compatibilityVersion = "Xcode 14.0";
			developmentRegion = en;
			hasScannedForEncodings = 0;
			knownRegions = (
				en,
				Base,
			);
			mainGroup = DDBA411A29DB3111008E0431;
			productRefGroup = DDBA412429DB3111008E0431 /* Products */;
			projectDirPath = "";
			projectRoot = "";
			targets = (
				DDBA412229DB3111008E0431 /* ContacsBook */,
			);
		};
/* End PBXProject section */

/* Begin PBXResourcesBuildPhase section */
		DDBA412129DB3111008E0431 /* Resources */ = {
			isa = PBXResourcesBuildPhase;
			buildActionMask = 2147483647;
			files = (
				DDBA413329DB3113008E0431 /* LaunchScreen.storyboard in Resources */,
				DDBA413029DB3113008E0431 /* Assets.xcassets in Resources */,
			);
			runOnlyForDeploymentPostprocessing = 0;
		};
/* End PBXResourcesBuildPhase section */

/* Begin PBXSourcesBuildPhase section */
		DDBA411F29DB3111008E0431 /* Sources */ = {
			isa = PBXSourcesBuildPhase;
			buildActionMask = 2147483647;
			files = (
				DDBA414D29DD31CF008E0431 /* EditContactsController.swift in Sources */,
				DDBA414B29DCCD17008E0431 /* ContactCell.swift in Sources */,
				DDBA412B29DB3111008E0431 /* ContactsController.swift in Sources */,
				DDBA414F29DD69DA008E0431 /* EditContactsView.swift in Sources */,
				DDBA414929DCC919008E0431 /* DataService.swift in Sources */,
				DDBA412729DB3111008E0431 /* AppDelegate.swift in Sources */,
				DDBA414429DCC78D008E0431 /* Contact.swift in Sources */,
				DDBA413B29DB3169008E0431 /* ContacsView.swift in Sources */,
				DDBA414629DCC7BA008E0431 /* ContactCategory.swift in Sources */,
				DDBA412929DB3111008E0431 /* SceneDelegate.swift in Sources */,
			);
			runOnlyForDeploymentPostprocessing = 0;
		};
/* End PBXSourcesBuildPhase section */

/* Begin PBXVariantGroup section */
		DDBA413129DB3113008E0431 /* LaunchScreen.storyboard */ = {
			isa = PBXVariantGroup;
			children = (
				DDBA413229DB3113008E0431 /* Base */,
			);
			name = LaunchScreen.storyboard;
			sourceTree = "<group>";
		};
/* End PBXVariantGroup section */

/* Begin XCBuildConfiguration section */
		DDBA413529DB3113008E0431 /* Debug */ = {
			isa = XCBuildConfiguration;
			buildSettings = {
				ALWAYS_SEARCH_USER_PATHS = NO;
				CLANG_ANALYZER_NONNULL = YES;
				CLANG_ANALYZER_NUMBER_OBJECT_CONVERSION = YES_AGGRESSIVE;
				CLANG_CXX_LANGUAGE_STANDARD = "gnu++20";
				CLANG_ENABLE_MODULES = YES;
				CLANG_ENABLE_OBJC_ARC = YES;
				CLANG_ENABLE_OBJC_WEAK = YES;
				CLANG_WARN_BLOCK_CAPTURE_AUTORELEASING = YES;
				CLANG_WARN_BOOL_CONVERSION = YES;
				CLANG_WARN_COMMA = YES;
				CLANG_WARN_CONSTANT_CONVERSION = YES;
				CLANG_WARN_DEPRECATED_OBJC_IMPLEMENTATIONS = YES;
				CLANG_WARN_DIRECT_OBJC_ISA_USAGE = YES_ERROR;
				CLANG_WARN_DOCUMENTATION_COMMENTS = YES;
				CLANG_WARN_EMPTY_BODY = YES;
				CLANG_WARN_ENUM_CONVERSION = YES;
				CLANG_WARN_INFINITE_RECURSION = YES;
				CLANG_WARN_INT_CONVERSION = YES;
				CLANG_WARN_NON_LITERAL_NULL_CONVERSION = YES;
				CLANG_WARN_OBJC_IMPLICIT_RETAIN_SELF = YES;
				CLANG_WARN_OBJC_LITERAL_CONVERSION = YES;
				CLANG_WARN_OBJC_ROOT_CLASS = YES_ERROR;
				CLANG_WARN_QUOTED_INCLUDE_IN_FRAMEWORK_HEADER = YES;
				CLANG_WARN_RANGE_LOOP_ANALYSIS = YES;
				CLANG_WARN_STRICT_PROTOTYPES = YES;
				CLANG_WARN_SUSPICIOUS_MOVE = YES;
				CLANG_WARN_UNGUARDED_AVAILABILITY = YES_AGGRESSIVE;
				CLANG_WARN_UNREACHABLE_CODE = YES;
				CLANG_WARN__DUPLICATE_METHOD_MATCH = YES;
				COPY_PHASE_STRIP = NO;
				DEBUG_INFORMATION_FORMAT = dwarf;
				ENABLE_STRICT_OBJC_MSGSEND = YES;
				ENABLE_TESTABILITY = YES;
				GCC_C_LANGUAGE_STANDARD = gnu11;
				GCC_DYNAMIC_NO_PIC = NO;
				GCC_NO_COMMON_BLOCKS = YES;
				GCC_OPTIMIZATION_LEVEL = 0;
				GCC_PREPROCESSOR_DEFINITIONS = (
					"DEBUG=1",
					"$(inherited)",
				);
				GCC_WARN_64_TO_32_BIT_CONVERSION = YES;
				GCC_WARN_ABOUT_RETURN_TYPE = YES_ERROR;
				GCC_WARN_UNDECLARED_SELECTOR = YES;
				GCC_WARN_UNINITIALIZED_AUTOS = YES_AGGRESSIVE;
				GCC_WARN_UNUSED_FUNCTION = YES;
				GCC_WARN_UNUSED_VARIABLE = YES;
				IPHONEOS_DEPLOYMENT_TARGET = 16.2;
				MTL_ENABLE_DEBUG_INFO = INCLUDE_SOURCE;
				MTL_FAST_MATH = YES;
				ONLY_ACTIVE_ARCH = YES;
				SDKROOT = iphoneos;
				SWIFT_ACTIVE_COMPILATION_CONDITIONS = DEBUG;
				SWIFT_OPTIMIZATION_LEVEL = "-Onone";
			};
			name = Debug;
		};
		DDBA413629DB3113008E0431 /* Release */ = {
			isa = XCBuildConfiguration;
			buildSettings = {
				ALWAYS_SEARCH_USER_PATHS = NO;
				CLANG_ANALYZER_NONNULL = YES;
				CLANG_ANALYZER_NUMBER_OBJECT_CONVERSION = YES_AGGRESSIVE;
				CLANG_CXX_LANGUAGE_STANDARD = "gnu++20";
				CLANG_ENABLE_MODULES = YES;
				CLANG_ENABLE_OBJC_ARC = YES;
				CLANG_ENABLE_OBJC_WEAK = YES;
				CLANG_WARN_BLOCK_CAPTURE_AUTORELEASING = YES;
				CLANG_WARN_BOOL_CONVERSION = YES;
				CLANG_WARN_COMMA = YES;
				CLANG_WARN_CONSTANT_CONVERSION = YES;
				CLANG_WARN_DEPRECATED_OBJC_IMPLEMENTATIONS = YES;
				CLANG_WARN_DIRECT_OBJC_ISA_USAGE = YES_ERROR;
				CLANG_WARN_DOCUMENTATION_COMMENTS = YES;
				CLANG_WARN_EMPTY_BODY = YES;
				CLANG_WARN_ENUM_CONVERSION = YES;
				CLANG_WARN_INFINITE_RECURSION = YES;
				CLANG_WARN_INT_CONVERSION = YES;
				CLANG_WARN_NON_LITERAL_NULL_CONVERSION = YES;
				CLANG_WARN_OBJC_IMPLICIT_RETAIN_SELF = YES;
				CLANG_WARN_OBJC_LITERAL_CONVERSION = YES;
				CLANG_WARN_OBJC_ROOT_CLASS = YES_ERROR;
				CLANG_WARN_QUOTED_INCLUDE_IN_FRAMEWORK_HEADER = YES;
				CLANG_WARN_RANGE_LOOP_ANALYSIS = YES;
				CLANG_WARN_STRICT_PROTOTYPES = YES;
				CLANG_WARN_SUSPICIOUS_MOVE = YES;
				CLANG_WARN_UNGUARDED_AVAILABILITY = YES_AGGRESSIVE;
				CLANG_WARN_UNREACHABLE_CODE = YES;
				CLANG_WARN__DUPLICATE_METHOD_MATCH = YES;
				COPY_PHASE_STRIP = NO;
				DEBUG_INFORMATION_FORMAT = "dwarf-with-dsym";
				ENABLE_NS_ASSERTIONS = NO;
				ENABLE_STRICT_OBJC_MSGSEND = YES;
				GCC_C_LANGUAGE_STANDARD = gnu11;
				GCC_NO_COMMON_BLOCKS = YES;
				GCC_WARN_64_TO_32_BIT_CONVERSION = YES;
				GCC_WARN_ABOUT_RETURN_TYPE = YES_ERROR;
				GCC_WARN_UNDECLARED_SELECTOR = YES;
				GCC_WARN_UNINITIALIZED_AUTOS = YES_AGGRESSIVE;
				GCC_WARN_UNUSED_FUNCTION = YES;
				GCC_WARN_UNUSED_VARIABLE = YES;
				IPHONEOS_DEPLOYMENT_TARGET = 16.2;
				MTL_ENABLE_DEBUG_INFO = NO;
				MTL_FAST_MATH = YES;
				SDKROOT = iphoneos;
				SWIFT_COMPILATION_MODE = wholemodule;
				SWIFT_OPTIMIZATION_LEVEL = "-O";
				VALIDATE_PRODUCT = YES;
			};
			name = Release;
		};
		DDBA413829DB3113008E0431 /* Debug */ = {
			isa = XCBuildConfiguration;
			buildSettings = {
				ASSETCATALOG_COMPILER_APPICON_NAME = AppIcon;
				ASSETCATALOG_COMPILER_GLOBAL_ACCENT_COLOR_NAME = AccentColor;
				CODE_SIGN_STYLE = Automatic;
				CURRENT_PROJECT_VERSION = 1;
				DEVELOPMENT_TEAM = 62VLSN5H88;
				GENERATE_INFOPLIST_FILE = YES;
				INFOPLIST_FILE = "ContacsBook/Supporting files/Info.plist";
				INFOPLIST_KEY_UIApplicationSupportsIndirectInputEvents = YES;
				INFOPLIST_KEY_UILaunchStoryboardName = LaunchScreen;
				INFOPLIST_KEY_UISupportedInterfaceOrientations = UIInterfaceOrientationPortrait;
				INFOPLIST_KEY_UISupportedInterfaceOrientations_iPad = "UIInterfaceOrientationLandscapeLeft UIInterfaceOrientationLandscapeRight UIInterfaceOrientationPortrait UIInterfaceOrientationPortraitUpsideDown";
				LD_RUNPATH_SEARCH_PATHS = (
					"$(inherited)",
					"@executable_path/Frameworks",
				);
				MARKETING_VERSION = 1.0;
				PRODUCT_BUNDLE_IDENTIFIER = deshab.ContacsBook;
				PRODUCT_NAME = "$(TARGET_NAME)";
				SWIFT_EMIT_LOC_STRINGS = YES;
				SWIFT_VERSION = 5.0;
				TARGETED_DEVICE_FAMILY = "1,2";
			};
			name = Debug;
		};
		DDBA413929DB3113008E0431 /* Release */ = {
			isa = XCBuildConfiguration;
			buildSettings = {
				ASSETCATALOG_COMPILER_APPICON_NAME = AppIcon;
				ASSETCATALOG_COMPILER_GLOBAL_ACCENT_COLOR_NAME = AccentColor;
				CODE_SIGN_STYLE = Automatic;
				CURRENT_PROJECT_VERSION = 1;
				DEVELOPMENT_TEAM = 62VLSN5H88;
				GENERATE_INFOPLIST_FILE = YES;
				INFOPLIST_FILE = "ContacsBook/Supporting files/Info.plist";
				INFOPLIST_KEY_UIApplicationSupportsIndirectInputEvents = YES;
				INFOPLIST_KEY_UILaunchStoryboardName = LaunchScreen;
				INFOPLIST_KEY_UISupportedInterfaceOrientations = UIInterfaceOrientationPortrait;
				INFOPLIST_KEY_UISupportedInterfaceOrientations_iPad = "UIInterfaceOrientationLandscapeLeft UIInterfaceOrientationLandscapeRight UIInterfaceOrientationPortrait UIInterfaceOrientationPortraitUpsideDown";
				LD_RUNPATH_SEARCH_PATHS = (
					"$(inherited)",
					"@executable_path/Frameworks",
				);
				MARKETING_VERSION = 1.0;
				PRODUCT_BUNDLE_IDENTIFIER = deshab.ContacsBook;
				PRODUCT_NAME = "$(TARGET_NAME)";
				SWIFT_EMIT_LOC_STRINGS = YES;
				SWIFT_VERSION = 5.0;
				TARGETED_DEVICE_FAMILY = "1,2";
			};
			name = Release;
		};
/* End XCBuildConfiguration section */

/* Begin XCConfigurationList section */
		DDBA411E29DB3111008E0431 /* Build configuration list for PBXProject "ContacsBook" */ = {
			isa = XCConfigurationList;
			buildConfigurations = (
				DDBA413529DB3113008E0431 /* Debug */,
				DDBA413629DB3113008E0431 /* Release */,
			);
			defaultConfigurationIsVisible = 0;
			defaultConfigurationName = Release;
		};
		DDBA413729DB3113008E0431 /* Build configuration list for PBXNativeTarget "ContacsBook" */ = {
			isa = XCConfigurationList;
			buildConfigurations = (
				DDBA413829DB3113008E0431 /* Debug */,
				DDBA413929DB3113008E0431 /* Release */,
			);
			defaultConfigurationIsVisible = 0;
			defaultConfigurationName = Release;
		};
/* End XCConfigurationList section */
	};
	rootObject = DDBA411B29DB3111008E0431 /* Project object */;
}
